
Microsoft Visual Studio Solution File, Format Version 12.00
# Visual Studio 15
VisualStudioVersion = 15.0.27703.2035
MinimumVisualStudioVersion = 10.0.40219.1
Project("{8BC9CEB8-8B4A-11D0-8D11-00A0C91BC942}") = "LooseQuadTree", "LooseQuadTree\LooseQuadTree.vcxproj", "{EC93C93E-90D9-41C3-A81F-D73240B5D818}"
EndProject
Global
	GlobalSection(SolutionConfigurationPlatforms) = preSolution
		Debug|x64 = Debug|x64
		Debug|x86 = Debug|x86
		Release|x64 = Release|x64
		Release|x86 = Release|x86
	EndGlobalSection
	GlobalSection(ProjectConfigurationPlatforms) = postSolution
		{EC93C93E-90D9-41C3-A81F-D73240B5D818}.Debug|x64.ActiveCfg = Debug|x64
		{EC93C93E-90D9-41C3-A81F-D73240B5D818}.Debug|x64.Build.0 = Debug|x64
		{EC93C93E-90D9-41C3-A81F-D73240B5D818}.Debug|x86.ActiveCfg = Debug|Win32
		{EC93C93E-90D9-41C3-A81F-D73240B5D818}.Debug|x86.Build.0 = Debug|Win32
		{EC93C93E-90D9-41C3-A81F-D73240B5D818}.Release|x64.ActiveCfg = Release|x64
		{EC93C93E-90D9-41C3-A81F-D73240B5D818}.Release|x64.Build.0 = Release|x64
		{EC93C93E-90D9-41C3-A81F-D73240B5D818}.Release|x86.ActiveCfg = Release|Win32
		{EC93C93E-90D9-41C3-A81F-D73240B5D818}.Release|x86.Build.0 = Release|Win32
	EndGlobalSection
	GlobalSection(SolutionProperties) = preSolution
		HideSolutionNode = FALSE
	EndGlobalSection
	GlobalSection(ExtensibilityGlobals) = postSolution
		SolutionGuid = {BD23DB6E-C899-4377-9B2C-CFEDE2D32264}
	EndGlobalSection
EndGlobal
